
Microsoft Visual Studio Solution File, Format Version 12.00
# Visual Studio Version 16
VisualStudioVersion = 16.0.31515.178
MinimumVisualStudioVersion = 10.0.40219.1
Project("{9A19103F-16F7-4668-BE54-9A1E7A4F7556}") = "CodingChallenge", "CodingChallenge\CodingChallenge.csproj", "{C8BD5941-AD40-403B-A5DA-043032D875DC}"
EndProject
Project("{FAE04EC0-301F-11D3-BF4B-00C04F79EFBC}") = "FlattenJsonTest", "FlattenJsonTest\FlattenJsonTest.csproj", "{F4D2AD98-8C7B-4D25-BD11-19B3F2F890AF}"
EndProject
Global
	GlobalSection(SolutionConfigurationPlatforms) = preSolution
		Debug|Any CPU = Debug|Any CPU
		Release|Any CPU = Release|Any CPU
	EndGlobalSection
	GlobalSection(ProjectConfigurationPlatforms) = postSolution
		{C8BD5941-AD40-403B-A5DA-043032D875DC}.Debug|Any CPU.ActiveCfg = Debug|Any CPU
		{C8BD5941-AD40-403B-A5DA-043032D875DC}.Debug|Any CPU.Build.0 = Debug|Any CPU
		{C8BD5941-AD40-403B-A5DA-043032D875DC}.Release|Any CPU.ActiveCfg = Release|Any CPU
		{C8BD5941-AD40-403B-A5DA-043032D875DC}.Release|Any CPU.Build.0 = Release|Any CPU
		{F4D2AD98-8C7B-4D25-BD11-19B3F2F890AF}.Debug|Any CPU.ActiveCfg = Debug|Any CPU
		{F4D2AD98-8C7B-4D25-BD11-19B3F2F890AF}.Debug|Any CPU.Build.0 = Debug|Any CPU
		{F4D2AD98-8C7B-4D25-BD11-19B3F2F890AF}.Release|Any CPU.ActiveCfg = Release|Any CPU
		{F4D2AD98-8C7B-4D25-BD11-19B3F2F890AF}.Release|Any CPU.Build.0 = Release|Any CPU
	EndGlobalSection
	GlobalSection(SolutionProperties) = preSolution
		HideSolutionNode = FALSE
	EndGlobalSection
	GlobalSection(ExtensibilityGlobals) = postSolution
		SolutionGuid = {EEB3587B-93F0-41D3-82C6-0C3554DD3816}
	EndGlobalSection
EndGlobal
